Microsoft Visual Studio Solution File, Format Version 12.00
# Visual Studio Version 16
VisualStudioVersion = 16.0.31729.503
MinimumVisualStudioVersion = 10.0.40219.1
Project("{9A19103F-16F7-4668-BE54-9A1E7A4F7556}") = "CheckPoint1", "Checkpoint1\Checkpoint1\CheckPoint1.csproj", "{8CC901FC-EF7F-4AE9-82DD-B1CA71678ABC}"
EndProject
Project("{9A19103F-16F7-4668-BE54-9A1E7A4F7556}") = "CheckPoint2", "CheckPoint2\CheckPoint2\CheckPoint2.csproj", "{E205E743-7D61-4CB6-A3C0-7166968C55D1}"
EndProject
Project("{9A19103F-16F7-4668-BE54-9A1E7A4F7556}") = "CheckPoint3", "CheckPoint3\CheckPoint3.csproj", "{88483FC9-58B1-49C6-8A98-F5BE201F617B}"
EndProject
Project("{FAE04EC0-301F-11D3-BF4B-00C04F79EFBC}") = "Barrista", "..\..\..\..\..\..\projects\c#\DesignPatterns\Barrista\Barrista.csproj", "{622CD00C-20BC-443A-815C-B2148D4575BE}"
EndProject
Global
	GlobalSection(SolutionConfigurationPlatforms) = preSolution
		Debug|Any CPU = Debug|Any CPU
		Release|Any CPU = Release|Any CPU
	EndGlobalSection
	GlobalSection(ProjectConfigurationPlatforms) = postSolution
		{8CC901FC-EF7F-4AE9-82DD-B1CA71678ABC}.Debug|Any CPU.ActiveCfg = Debug|Any CPU
		{8CC901FC-EF7F-4AE9-82DD-B1CA71678ABC}.Debug|Any CPU.Build.0 = Debug|Any CPU
		{8CC901FC-EF7F-4AE9-82DD-B1CA71678ABC}.Release|Any CPU.ActiveCfg = Release|Any CPU
		{8CC901FC-EF7F-4AE9-82DD-B1CA71678ABC}.Release|Any CPU.Build.0 = Release|Any CPU
		{E205E743-7D61-4CB6-A3C0-7166968C55D1}.Debug|Any CPU.ActiveCfg = Debug|Any CPU
		{E205E743-7D61-4CB6-A3C0-7166968C55D1}.Debug|Any CPU.Build.0 = Debug|Any CPU
		{E205E743-7D61-4CB6-A3C0-7166968C55D1}.Release|Any CPU.ActiveCfg = Release|Any CPU
		{E205E743-7D61-4CB6-A3C0-7166968C55D1}.Release|Any CPU.Build.0 = Release|Any CPU
		{88483FC9-58B1-49C6-8A98-F5BE201F617B}.Debug|Any CPU.ActiveCfg = Debug|Any CPU
		{88483FC9-58B1-49C6-8A98-F5BE201F617B}.Debug|Any CPU.Build.0 = Debug|Any CPU
		{88483FC9-58B1-49C6-8A98-F5BE201F617B}.Release|Any CPU.ActiveCfg = Release|Any CPU
		{88483FC9-58B1-49C6-8A98-F5BE201F617B}.Release|Any CPU.Build.0 = Release|Any CPU
		{622CD00C-20BC-443A-815C-B2148D4575BE}.Debug|Any CPU.ActiveCfg = Debug|Any CPU
		{622CD00C-20BC-443A-815C-B2148D4575BE}.Debug|Any CPU.Build.0 = Debug|Any CPU
		{622CD00C-20BC-443A-815C-B2148D4575BE}.Release|Any CPU.ActiveCfg = Release|Any CPU
		{622CD00C-20BC-443A-815C-B2148D4575BE}.Release|Any CPU.Build.0 = Release|Any CPU
	EndGlobalSection
	GlobalSection(SolutionProperties) = preSolution
		HideSolutionNode = FALSE
	EndGlobalSection
	GlobalSection(ExtensibilityGlobals) = postSolution
		SolutionGuid = {F2897389-3469-417C-B7DF-23289D26DBB7}
	EndGlobalSection
EndGlobal
